
Microsoft Visual Studio Solution File, Format Version 12.00
# Visual Studio Version 16
VisualStudioVersion = 16.0.31702.278
MinimumVisualStudioVersion = 10.0.40219.1
Project("{9A19103F-16F7-4668-BE54-9A1E7A4F7556}") = "NetHome.API", "NetHome.API\NetHome.API.csproj", "{D8C93174-51D5-4E35-AB3B-D1E3F7B1D8A4}"
EndProject
Project("{9A19103F-16F7-4668-BE54-9A1E7A4F7556}") = "NetHome.Core", "NetHome.Core\NetHome.Core.csproj", "{88AF535C-6CC2-4C42-9D31-49A01EDDA948}"
EndProject
Project("{9A19103F-16F7-4668-BE54-9A1E7A4F7556}") = "NetHome.Data", "NetHome.Data\NetHome.Data.csproj", "{D3EADF2A-A93F-4E76-AAB2-3E84EABD6650}"
EndProject
Global
	GlobalSection(SolutionConfigurationPlatforms) = preSolution
		Debug|Any CPU = Debug|Any CPU
		Release|Any CPU = Release|Any CPU
	EndGlobalSection
	GlobalSection(ProjectConfigurationPlatforms) = postSolution
		{D8C93174-51D5-4E35-AB3B-D1E3F7B1D8A4}.Debug|Any CPU.ActiveCfg = Debug|Any CPU
		{D8C93174-51D5-4E35-AB3B-D1E3F7B1D8A4}.Debug|Any CPU.Build.0 = Debug|Any CPU
		{D8C93174-51D5-4E35-AB3B-D1E3F7B1D8A4}.Release|Any CPU.ActiveCfg = Release|Any CPU
		{D8C93174-51D5-4E35-AB3B-D1E3F7B1D8A4}.Release|Any CPU.Build.0 = Release|Any CPU
		{88AF535C-6CC2-4C42-9D31-49A01EDDA948}.Debug|Any CPU.ActiveCfg = Debug|Any CPU
		{88AF535C-6CC2-4C42-9D31-49A01EDDA948}.Debug|Any CPU.Build.0 = Debug|Any CPU
		{88AF535C-6CC2-4C42-9D31-49A01EDDA948}.Release|Any CPU.ActiveCfg = Release|Any CPU
		{88AF535C-6CC2-4C42-9D31-49A01EDDA948}.Release|Any CPU.Build.0 = Release|Any CPU
		{D3EADF2A-A93F-4E76-AAB2-3E84EABD6650}.Debug|Any CPU.ActiveCfg = Debug|Any CPU
		{D3EADF2A-A93F-4E76-AAB2-3E84EABD6650}.Debug|Any CPU.Build.0 = Debug|Any CPU
		{D3EADF2A-A93F-4E76-AAB2-3E84EABD6650}.Release|Any CPU.ActiveCfg = Release|Any CPU
		{D3EADF2A-A93F-4E76-AAB2-3E84EABD6650}.Release|Any CPU.Build.0 = Release|Any CPU
	EndGlobalSection
	GlobalSection(SolutionProperties) = preSolution
		HideSolutionNode = FALSE
	EndGlobalSection
	GlobalSection(ExtensibilityGlobals) = postSolution
		SolutionGuid = {89867129-6EB3-417C-8557-9AD6870AAFE3}
	EndGlobalSection
EndGlobal
